{
  "requires": true,
  "lockfileVersion": 1,
  "dependencies": {
    "hello-test-npm": {
      "version": "1.1.6",
      "resolved": "https://registry.npmjs.org/hello-test-npm/-/hello-test-npm-1.1.6.tgz",
      "integrity": "sha512-Z4t2stN7GU6w17cIU6JjCnVcdwnyN5+kKWOsDltN7FZR3jv195k2qk82Z/kS8dwbbXlzTMB0tBZ9oXCCkTetpA=="
    }
  }
}
